<?xml version="1.0" encoding="utf-8"?>
<Project ToolsVersion="4.0" xmlns="http://schemas.microsoft.com/developer/msbuild/2003">
  <ItemGroup>
    <Filter Include="Source Files">
      <UniqueIdentifier>{4FC737F1-C7A5-4376-A066-2A32D752A2FF}</UniqueIdentifier>
      <Extensions>cpp;c;cc;cxx;def;odl;idl;hpj;bat;asm;asmx</Extensions>
    </Filter>
    <Filter Include="Header Files">
      <UniqueIdentifier>{93995380-89BD-4b04-88EB-625FBE52EBFB}</UniqueIdentifier>
      <Extensions>h;hh;hpp;hxx;hm;inl;inc;xsd</Extensions>
    </Filter>
    <Filter Include="Header Files\css">
      <UniqueIdentifier>{14aa2b0e-20c2-4e44-b8a8-af8d3acf23b2}</UniqueIdentifier>
    </Filter>
    <Filter Include="Header Files\html">
      <UniqueIdentifier>{0a2dedcc-fd81-44fe-ad68-ba0a28cc931d}</UniqueIdentifier>
    </Filter>
    <Filter Include="Header Files\javascript">
      <UniqueIdentifier>{c2c1b4b8-9027-4d02-859d-7c297bcf275d}</UniqueIdentifier>
    </Filter>
    <Filter Include="Header Files\program">
      <UniqueIdentifier>{cf4ca872-ab39-44d5-b3f9-46f38f6924be}</UniqueIdentifier>
    </Filter>
    <Filter Include="Header Files\report">
      <UniqueIdentifier>{80c0df36-bab3-4c1e-919f-b49aeb604df5}</UniqueIdentifier>
    </Filter>
    <Filter Include="Header Files\source">
      <UniqueIdentifier>{60c440bc-0d63-487c-83d5-f3e7667f0ac6}</UniqueIdentifier>
    </Filter>
    <Filter Include="Header Files\table">
      <UniqueIdentifier>{165b3a3a-3ba2-4d4c-b2ea-a2294f72e266}</UniqueIdentifier>
    </Filter>
    <Filter Include="Header Files\cme">
      <UniqueIdentifier>{11e94332-a1e8-4432-8779-cff995d18fa0}</UniqueIdentifier>
    </Filter>
    <Filter Include="Header Files\stylesheet">
      <UniqueIdentifier>{be7f234d-29cf-486c-9719-c2471bbeddc7}</UniqueIdentifier>
    </Filter>
  </ItemGroup>
  <ItemGroup>
    <None Include="packages.config" />
  </ItemGroup>
  <ItemGroup>
    <ClInclude Include="..\..\omi\css\declarations.hpp">
      <Filter>Header Files\css</Filter>
    </ClInclude>
    <ClInclude Include="..\..\omi\css\rules.hpp">
      <Filter>Header Files\css</Filter>
    </ClInclude>
    <ClInclude Include="..\..\omi\html\attributes.hpp">
      <Filter>Header Files\html</Filter>
    </ClInclude>
    <ClInclude Include="..\..\omi\html\close.hpp">
      <Filter>Header Files\html</Filter>
    </ClInclude>
    <ClInclude Include="..\..\omi\html\declarations.hpp">
      <Filter>Header Files\html</Filter>
    </ClInclude>
    <ClInclude Include="..\..\omi\html\div.hpp">
      <Filter>Header Files\html</Filter>
    </ClInclude>
    <ClInclude Include="..\..\omi\html\doctype.hpp">
      <Filter>Header Files\html</Filter>
    </ClInclude>
    <ClInclude Include="..\..\omi\html\elements.hpp">
      <Filter>Header Files\html</Filter>
    </ClInclude>
    <ClInclude Include="..\..\omi\html\graph.hpp">
      <Filter>Header Files\html</Filter>
    </ClInclude>
    <ClInclude Include="..\..\omi\html\head.hpp">
      <Filter>Header Files\html</Filter>
    </ClInclude>
    <ClInclude Include="..\..\omi\html\headings.hpp">
      <Filter>Header Files\html</Filter>
    </ClInclude>
    <ClInclude Include="..\..\omi\html\meta.hpp">
      <Filter>Header Files\html</Filter>
    </ClInclude>
    <ClInclude Include="..\..\omi\html\open.hpp">
      <Filter>Header Files\html</Filter>
    </ClInclude>
    <ClInclude Include="..\..\omi\html\paragraph.hpp">
      <Filter>Header Files\html</Filter>
    </ClInclude>
    <ClInclude Include="..\..\omi\html\script.hpp">
      <Filter>Header Files\html</Filter>
    </ClInclude>
    <ClInclude Include="..\..\omi\html\src.hpp">
      <Filter>Header Files\html</Filter>
    </ClInclude>
    <ClInclude Include="..\..\omi\html\table.hpp">
      <Filter>Header Files\html</Filter>
    </ClInclude>
    <ClInclude Include="..\..\omi\html\tag.hpp">
      <Filter>Header Files\html</Filter>
    </ClInclude>
    <ClInclude Include="..\..\omi\html\title.hpp">
      <Filter>Header Files\html</Filter>
    </ClInclude>
    <ClInclude Include="..\..\omi\javascript\google\chart.hpp">
      <Filter>Header Files\javascript</Filter>
    </ClInclude>
    <ClInclude Include="..\..\omi\program\options.hpp">
      <Filter>Header Files\program</Filter>
    </ClInclude>
    <ClInclude Include="..\..\omi\program\settings.hpp">
      <Filter>Header Files\program</Filter>
    </ClInclude>
    <ClInclude Include="..\..\omi\latency\report.hpp">
      <Filter>Header Files\report</Filter>
    </ClInclude>
    <ClInclude Include="..\..\omi\latency\report\components.hpp">
      <Filter>Header Files\report</Filter>
    </ClInclude>
    <ClInclude Include="..\..\omi\latency\report\configuration.hpp">
      <Filter>Header Files\report</Filter>
    </ClInclude>
    <ClInclude Include="..\..\omi\latency\report\options.hpp">
      <Filter>Header Files\report</Filter>
    </ClInclude>
    <ClInclude Include="..\..\omi\source\read.hpp">
      <Filter>Header Files\source</Filter>
    </ClInclude>
    <ClInclude Include="..\..\omi\source\whitespace.hpp">
      <Filter>Header Files\source</Filter>
    </ClInclude>
    <ClInclude Include="..\..\omi\source\write.hpp">
      <Filter>Header Files\source</Filter>
    </ClInclude>
    <ClInclude Include="..\..\omi\table\percentiles.hpp">
      <Filter>Header Files\table</Filter>
    </ClInclude>
    <ClInclude Include="..\..\omi\table\statistics.hpp">
      <Filter>Header Files\table</Filter>
    </ClInclude>
    <ClInclude Include="..\..\example\report\cme\fix.hpp">
      <Filter>Header Files\cme</Filter>
    </ClInclude>
    <ClInclude Include="..\..\example\report\cme\sbe.hpp">
      <Filter>Header Files\cme</Filter>
    </ClInclude>
    <ClInclude Include="..\..\omi\stylesheet\options.hpp">
      <Filter>Header Files\stylesheet</Filter>
    </ClInclude>
    <ClInclude Include="..\..\omi\stylesheet\standard.hpp">
      <Filter>Header Files\stylesheet</Filter>
    </ClInclude>
  </ItemGroup>
  <ItemGroup>
    <ClCompile Include="..\..\example\report\main.cpp">
      <Filter>Source Files</Filter>
    </ClCompile>
  </ItemGroup>
</Project>