<?xml version="1.0" encoding="utf-8"?>
<Project ToolsVersion="4.0" xmlns="http://schemas.microsoft.com/developer/msbuild/2003">
  <ItemGroup>
    <Filter Include="Source Files">
      <UniqueIdentifier>{4FC737F1-C7A5-4376-A066-2A32D752A2FF}</UniqueIdentifier>
      <Extensions>cpp;c;cc;cxx;def;odl;idl;hpj;bat;asm;asmx</Extensions>
    </Filter>
    <Filter Include="Header Files">
      <UniqueIdentifier>{93995380-89BD-4b04-88EB-625FBE52EBFB}</UniqueIdentifier>
      <Extensions>h;hh;hpp;hxx;hm;inl;inc;xsd</Extensions>
    </Filter>
    <Filter Include="Header Files\html">
      <UniqueIdentifier>{7c827e7c-51f4-450b-a497-5b256433e0d4}</UniqueIdentifier>
    </Filter>
    <Filter Include="Header Files\xml">
      <UniqueIdentifier>{68e5c462-138b-4b15-8794-406a35d1ea8d}</UniqueIdentifier>
    </Filter>
    <Filter Include="Header Files\css">
      <UniqueIdentifier>{55744678-f7af-4e1d-97ae-69b924f8809a}</UniqueIdentifier>
    </Filter>
    <Filter Include="Header Files\table">
      <UniqueIdentifier>{8f38d03a-c026-4b63-b601-df1047eba593}</UniqueIdentifier>
    </Filter>
    <Filter Include="Header Files\javascript">
      <UniqueIdentifier>{21648b8d-8af3-468e-8d8e-f5a23e43180b}</UniqueIdentifier>
    </Filter>
    <Filter Include="Header Files\styles">
      <UniqueIdentifier>{7d5e4548-74ab-45f4-a7a6-8a7c3c3ccc7b}</UniqueIdentifier>
    </Filter>
    <Filter Include="Header Files\source">
      <UniqueIdentifier>{1e017aa7-8a86-49c5-8602-f402c0fec533}</UniqueIdentifier>
    </Filter>
    <Filter Include="Header Files\program">
      <UniqueIdentifier>{ab946535-41f6-4d75-ab6b-88849d946094}</UniqueIdentifier>
    </Filter>
    <Filter Include="Header Files\latency">
      <UniqueIdentifier>{1c627383-41f2-4822-90e8-43d1e5c7bcc9}</UniqueIdentifier>
    </Filter>
  </ItemGroup>
  <ItemGroup>
    <ClInclude Include="..\..\omi\xml\attributes.hpp">
      <Filter>Header Files\xml</Filter>
    </ClInclude>
    <ClInclude Include="..\..\omi\xml\elements.hpp">
      <Filter>Header Files\xml</Filter>
    </ClInclude>
    <ClInclude Include="..\..\omi\xml\tags.hpp">
      <Filter>Header Files\xml</Filter>
    </ClInclude>
    <ClInclude Include="..\..\omi\css\declarations.hpp">
      <Filter>Header Files\css</Filter>
    </ClInclude>
    <ClInclude Include="..\..\omi\css\rules.hpp">
      <Filter>Header Files\css</Filter>
    </ClInclude>
    <ClInclude Include="..\..\omi\styles\one.hpp">
      <Filter>Header Files\styles</Filter>
    </ClInclude>
    <ClInclude Include="..\..\omi\table\statistics.hpp">
      <Filter>Header Files\table</Filter>
    </ClInclude>
    <ClInclude Include="..\..\omi\table\percentiles.hpp">
      <Filter>Header Files\table</Filter>
    </ClInclude>
    <ClInclude Include="..\..\omi\html\attributes.hpp">
      <Filter>Header Files\html</Filter>
    </ClInclude>
    <ClInclude Include="..\..\omi\html\declarations.hpp">
      <Filter>Header Files\html</Filter>
    </ClInclude>
    <ClInclude Include="..\..\omi\html\div.hpp">
      <Filter>Header Files\html</Filter>
    </ClInclude>
    <ClInclude Include="..\..\omi\html\doctype.hpp">
      <Filter>Header Files\html</Filter>
    </ClInclude>
    <ClInclude Include="..\..\omi\html\elements.hpp">
      <Filter>Header Files\html</Filter>
    </ClInclude>
    <ClInclude Include="..\..\omi\html\graph.hpp">
      <Filter>Header Files\html</Filter>
    </ClInclude>
    <ClInclude Include="..\..\omi\html\head.hpp">
      <Filter>Header Files\html</Filter>
    </ClInclude>
    <ClInclude Include="..\..\omi\html\meta.hpp">
      <Filter>Header Files\html</Filter>
    </ClInclude>
    <ClInclude Include="..\..\omi\html\script.hpp">
      <Filter>Header Files\html</Filter>
    </ClInclude>
    <ClInclude Include="..\..\omi\html\src.hpp">
      <Filter>Header Files\html</Filter>
    </ClInclude>
    <ClInclude Include="..\..\omi\html\table.hpp">
      <Filter>Header Files\html</Filter>
    </ClInclude>
    <ClInclude Include="..\..\omi\html\title.hpp">
      <Filter>Header Files\html</Filter>
    </ClInclude>
    <ClInclude Include="..\..\omi\html\headings.hpp">
      <Filter>Header Files\html</Filter>
    </ClInclude>
    <ClInclude Include="..\..\omi\html\paragraph.hpp">
      <Filter>Header Files\html</Filter>
    </ClInclude>
    <ClInclude Include="..\..\omi\source\whitespace.hpp">
      <Filter>Header Files\source</Filter>
    </ClInclude>
    <ClInclude Include="..\..\omi\html\close.hpp">
      <Filter>Header Files\html</Filter>
    </ClInclude>
    <ClInclude Include="..\..\omi\html\open.hpp">
      <Filter>Header Files\html</Filter>
    </ClInclude>
    <ClInclude Include="..\..\omi\html\tag.hpp">
      <Filter>Header Files\html</Filter>
    </ClInclude>
    <ClInclude Include="..\..\omi\javascript\google\chart.hpp">
      <Filter>Header Files\javascript</Filter>
    </ClInclude>
    <ClInclude Include="..\..\example\program\report\options.hpp">
      <Filter>Header Files</Filter>
    </ClInclude>
    <ClInclude Include="..\..\omi\program\options.hpp">
      <Filter>Header Files\program</Filter>
    </ClInclude>
    <ClInclude Include="..\..\omi\latency\options.hpp">
      <Filter>Header Files\latency</Filter>
    </ClInclude>
    <ClInclude Include="..\..\omi\latency\report.hpp">
      <Filter>Header Files\latency</Filter>
    </ClInclude>
    <ClInclude Include="..\..\omi\program\settings.hpp">
      <Filter>Header Files\program</Filter>
    </ClInclude>
    <ClInclude Include="..\..\omi\source\write.hpp">
      <Filter>Header Files\source</Filter>
    </ClInclude>
  </ItemGroup>
  <ItemGroup>
    <None Include="packages.config" />
  </ItemGroup>
  <ItemGroup>
    <ClCompile Include="..\..\example\program\report\main.cpp">
      <Filter>Source Files</Filter>
    </ClCompile>
  </ItemGroup>
</Project>