<?xml version="1.0" encoding="utf-8"?>
<Project ToolsVersion="4.0" xmlns="http://schemas.microsoft.com/developer/msbuild/2003">
  <ItemGroup>
    <Filter Include="Source Files">
      <UniqueIdentifier>{4FC737F1-C7A5-4376-A066-2A32D752A2FF}</UniqueIdentifier>
      <Extensions>cpp;c;cc;cxx;def;odl;idl;hpj;bat;asm;asmx</Extensions>
    </Filter>
    <Filter Include="Header Files">
      <UniqueIdentifier>{93995380-89BD-4b04-88EB-625FBE52EBFB}</UniqueIdentifier>
      <Extensions>h;hh;hpp;hxx;hm;inl;inc;xsd</Extensions>
    </Filter>
    <Filter Include="Header Files\event">
      <UniqueIdentifier>{db7b0884-0a0b-43da-baaf-ddaa7b88b6b3}</UniqueIdentifier>
    </Filter>
    <Filter Include="Header Files\events">
      <UniqueIdentifier>{e68b8ee6-f129-424d-888a-0f0b61e88774}</UniqueIdentifier>
    </Filter>
    <Filter Include="Header Files\types">
      <UniqueIdentifier>{435706c7-3abf-4f0b-94b5-264d5210b8b1}</UniqueIdentifier>
    </Filter>
    <Filter Include="Header Files\matching">
      <UniqueIdentifier>{22b60691-6de2-4993-a3dc-c0afddefb907}</UniqueIdentifier>
    </Filter>
    <Filter Include="Header Files\match">
      <UniqueIdentifier>{b0d2c4f8-9d0a-4997-8493-ec361f09b16a}</UniqueIdentifier>
    </Filter>
  </ItemGroup>
  <ItemGroup>
    <ClInclude Include="..\..\..\omi\types\frame.hpp">
      <Filter>Header Files\types</Filter>
    </ClInclude>
    <ClInclude Include="..\..\..\omi\types\timestamp.hpp">
      <Filter>Header Files\types</Filter>
    </ClInclude>
    <ClInclude Include="..\..\..\omi\latency\matching\options.hpp">
      <Filter>Header Files\matching</Filter>
    </ClInclude>
    <ClInclude Include="..\..\..\omi\latency\matching.hpp">
      <Filter>Header Files\matching</Filter>
    </ClInclude>
    <ClInclude Include="..\..\..\omi\event\asserts.hpp">
      <Filter>Header Files\event</Filter>
    </ClInclude>
    <ClInclude Include="..\..\..\omi\event\database.hpp">
      <Filter>Header Files\event</Filter>
    </ClInclude>
    <ClInclude Include="..\..\..\omi\event\match.hpp">
      <Filter>Header Files\event</Filter>
    </ClInclude>
    <ClInclude Include="..\..\..\omi\event\matches.hpp">
      <Filter>Header Files\event</Filter>
    </ClInclude>
    <ClInclude Include="..\..\matching\events\inbound.hpp">
      <Filter>Header Files\events</Filter>
    </ClInclude>
    <ClInclude Include="..\..\matching\events\outbound.hpp">
      <Filter>Header Files\events</Filter>
    </ClInclude>
    <ClInclude Include="..\..\..\omi\types\sequence.hpp">
      <Filter>Header Files\types</Filter>
    </ClInclude>
    <ClInclude Include="..\..\..\omi\match\events.hpp">
      <Filter>Header Files\match</Filter>
    </ClInclude>
    <ClInclude Include="..\..\..\omi\event\list.hpp">
      <Filter>Header Files\event</Filter>
    </ClInclude>
    <ClInclude Include="..\..\..\omi\match\inputs.hpp">
      <Filter>Header Files\match</Filter>
    </ClInclude>
    <ClInclude Include="..\..\..\omi\match\results.hpp">
      <Filter>Header Files\match</Filter>
    </ClInclude>
    <ClInclude Include="..\..\..\omi\types\tokenizer.hpp">
      <Filter>Header Files\types</Filter>
    </ClInclude>
    <ClInclude Include="..\..\..\omi\match\info.hpp">
      <Filter>Header Files\match</Filter>
    </ClInclude>
    <ClInclude Include="..\..\..\omi\match\timestamps.hpp">
      <Filter>Header Files\match</Filter>
    </ClInclude>
    <ClInclude Include="..\..\..\omi\types\period.hpp">
      <Filter>Header Files\types</Filter>
    </ClInclude>
  </ItemGroup>
  <ItemGroup>
    <ClCompile Include="..\..\matching\main.cpp">
      <Filter>Source Files</Filter>
    </ClCompile>
  </ItemGroup>
  <ItemGroup>
    <None Include="packages.config" />
  </ItemGroup>
</Project>