<?xml version="1.0" encoding="utf-8"?>
<Project ToolsVersion="4.0" xmlns="http://schemas.microsoft.com/developer/msbuild/2003">
  <ItemGroup>
    <Filter Include="Source Files">
      <UniqueIdentifier>{4FC737F1-C7A5-4376-A066-2A32D752A2FF}</UniqueIdentifier>
      <Extensions>cpp;c;cc;cxx;def;odl;idl;hpj;bat;asm;asmx</Extensions>
    </Filter>
    <Filter Include="Header Files">
      <UniqueIdentifier>{93995380-89BD-4b04-88EB-625FBE52EBFB}</UniqueIdentifier>
      <Extensions>h;hh;hpp;hxx;hm;inl;inc;xsd</Extensions>
    </Filter>
    <Filter Include="Resource Files">
      <UniqueIdentifier>{67DA6AB6-F800-4c08-8B7A-83BB121AAD01}</UniqueIdentifier>
      <Extensions>rc;ico;cur;bmp;dlg;rc2;rct;bin;rgs;gif;jpg;jpeg;jpe;resx;tiff;tif;png;wav;mfcribbon-ms</Extensions>
    </Filter>
    <Filter Include="Header Files\event">
      <UniqueIdentifier>{db7b0884-0a0b-43da-baaf-ddaa7b88b6b3}</UniqueIdentifier>
    </Filter>
    <Filter Include="Header Files\events">
      <UniqueIdentifier>{e68b8ee6-f129-424d-888a-0f0b61e88774}</UniqueIdentifier>
    </Filter>
    <Filter Include="Header Files\types">
      <UniqueIdentifier>{435706c7-3abf-4f0b-94b5-264d5210b8b1}</UniqueIdentifier>
    </Filter>
    <Filter Include="Header Files\wireshark">
      <UniqueIdentifier>{f149966a-f328-4ef1-ad71-c1d72a9dee5b}</UniqueIdentifier>
    </Filter>
    <Filter Include="Header Files\matching">
      <UniqueIdentifier>{22b60691-6de2-4993-a3dc-c0afddefb907}</UniqueIdentifier>
    </Filter>
  </ItemGroup>
  <ItemGroup>
    <ClInclude Include="..\..\omi\event\database.hpp">
      <Filter>Header Files\event</Filter>
    </ClInclude>
    <ClInclude Include="..\..\omi\event\events.hpp">
      <Filter>Header Files\event</Filter>
    </ClInclude>
    <ClInclude Include="..\..\omi\event\info.hpp">
      <Filter>Header Files\event</Filter>
    </ClInclude>
    <ClInclude Include="..\..\omi\event\inputs.hpp">
      <Filter>Header Files\event</Filter>
    </ClInclude>
    <ClInclude Include="..\..\omi\event\match.hpp">
      <Filter>Header Files\event</Filter>
    </ClInclude>
    <ClInclude Include="..\..\omi\event\matcher.hpp">
      <Filter>Header Files\event</Filter>
    </ClInclude>
    <ClInclude Include="..\..\omi\event\matches.hpp">
      <Filter>Header Files\event</Filter>
    </ClInclude>
    <ClInclude Include="..\..\example\events\inbound.hpp">
      <Filter>Header Files\events</Filter>
    </ClInclude>
    <ClInclude Include="..\..\example\events\outbound.hpp">
      <Filter>Header Files\events</Filter>
    </ClInclude>
    <ClInclude Include="..\..\omi\types\frame.hpp">
      <Filter>Header Files\types</Filter>
    </ClInclude>
    <ClInclude Include="..\..\omi\types\timestamp.hpp">
      <Filter>Header Files\types</Filter>
    </ClInclude>
    <ClInclude Include="..\..\omi\wireshark\tokenizer.hpp">
      <Filter>Header Files\wireshark</Filter>
    </ClInclude>
    <ClInclude Include="..\..\omi\event\asserts.hpp">
      <Filter>Header Files\event</Filter>
    </ClInclude>
    <ClInclude Include="..\..\omi\latency\matching\options.hpp">
      <Filter>Header Files\matching</Filter>
    </ClInclude>
    <ClInclude Include="..\..\omi\latency\matching.hpp">
      <Filter>Header Files\matching</Filter>
    </ClInclude>
  </ItemGroup>
  <ItemGroup>
    <None Include="packages.config" />
  </ItemGroup>
  <ItemGroup>
    <ClCompile Include="..\..\example\program\matching\main.cpp">
      <Filter>Source Files</Filter>
    </ClCompile>
  </ItemGroup>
</Project>