<?xml version="1.0" encoding="utf-8"?>
<Project ToolsVersion="4.0" xmlns="http://schemas.microsoft.com/developer/msbuild/2003">
  <ItemGroup>
    <Filter Include="Source Files">
      <UniqueIdentifier>{4FC737F1-C7A5-4376-A066-2A32D752A2FF}</UniqueIdentifier>
      <Extensions>cpp;c;cc;cxx;def;odl;idl;hpj;bat;asm;asmx</Extensions>
    </Filter>
    <Filter Include="Header Files">
      <UniqueIdentifier>{93995380-89BD-4b04-88EB-625FBE52EBFB}</UniqueIdentifier>
      <Extensions>h;hh;hpp;hxx;hm;inl;inc;xsd</Extensions>
    </Filter>
    <Filter Include="Source Files\analysis">
      <UniqueIdentifier>{624f6321-1336-4590-b906-b9af1f28fee6}</UniqueIdentifier>
    </Filter>
    <Filter Include="Source Files\types">
      <UniqueIdentifier>{5c219176-fe46-4456-be49-feeb2f43ef54}</UniqueIdentifier>
    </Filter>
    <Filter Include="Source Files\match">
      <UniqueIdentifier>{0b7cc04d-4631-4893-8457-6b9e4747cf56}</UniqueIdentifier>
    </Filter>
  </ItemGroup>
  <ItemGroup>
    <ClCompile Include="..\..\..\tests\types\sequence.cpp">
      <Filter>Source Files\types</Filter>
    </ClCompile>
    <ClCompile Include="..\..\..\tests\types\timestamp.cpp">
      <Filter>Source Files\types</Filter>
    </ClCompile>
    <ClCompile Include="..\..\..\tests\analysis\percentile.cpp">
      <Filter>Source Files\analysis</Filter>
    </ClCompile>
    <ClCompile Include="..\..\..\tests\analysis\percentiles.cpp">
      <Filter>Source Files\analysis</Filter>
    </ClCompile>
    <ClCompile Include="..\..\..\tests\analysis\statistics.cpp">
      <Filter>Source Files\analysis</Filter>
    </ClCompile>
    <ClCompile Include="..\..\..\omi\test\main.cpp">
      <Filter>Source Files</Filter>
    </ClCompile>
    <ClCompile Include="..\..\..\tests\match\timestamps.cpp">
      <Filter>Source Files\match</Filter>
    </ClCompile>
    <ClCompile Include="..\..\..\tests\types\period.cpp">
      <Filter>Source Files\types</Filter>
    </ClCompile>
  </ItemGroup>
  <ItemGroup>
    <None Include="packages.config" />
  </ItemGroup>
  <ItemGroup>
    <ClInclude Include="..\..\..\omi\test\definitions.hpp">
      <Filter>Header Files</Filter>
    </ClInclude>
    <ClInclude Include="..\..\..\omi\test\event.hpp">
      <Filter>Header Files</Filter>
    </ClInclude>
  </ItemGroup>
</Project>