<?xml version="1.0" encoding="utf-8"?>
<Project ToolsVersion="4.0" xmlns="http://schemas.microsoft.com/developer/msbuild/2003">
  <ItemGroup>
    <Filter Include="Source Files">
      <UniqueIdentifier>{4FC737F1-C7A5-4376-A066-2A32D752A2FF}</UniqueIdentifier>
      <Extensions>cpp;c;cc;cxx;def;odl;idl;hpj;bat;asm;asmx</Extensions>
    </Filter>
    <Filter Include="Header Files">
      <UniqueIdentifier>{93995380-89BD-4b04-88EB-625FBE52EBFB}</UniqueIdentifier>
      <Extensions>h;hh;hpp;hxx;hm;inl;inc;xsd</Extensions>
    </Filter>
    <Filter Include="Header Files\analysis">
      <UniqueIdentifier>{a41cd870-4e94-43ce-a71c-2ed74ca548aa}</UniqueIdentifier>
    </Filter>
    <Filter Include="Header Files\records">
      <UniqueIdentifier>{87e01df0-f3f6-45f7-9edf-126e1fcccf35}</UniqueIdentifier>
    </Filter>
    <Filter Include="Header Files\program">
      <UniqueIdentifier>{9a8c8858-fb08-426e-85e0-3a60b23be53a}</UniqueIdentifier>
    </Filter>
    <Filter Include="Header Files\sequence">
      <UniqueIdentifier>{f4d00a3e-0328-4f66-ab94-db7f6087c0b6}</UniqueIdentifier>
    </Filter>
  </ItemGroup>
  <ItemGroup>
    <ClCompile Include="..\..\analysis\main.cpp">
      <Filter>Source Files</Filter>
    </ClCompile>
  </ItemGroup>
  <ItemGroup>
    <ClInclude Include="..\..\..\omi\analysis\delta.hpp">
      <Filter>Header Files\analysis</Filter>
    </ClInclude>
    <ClInclude Include="..\..\..\omi\analysis\percentile.hpp">
      <Filter>Header Files\analysis</Filter>
    </ClInclude>
    <ClInclude Include="..\..\..\omi\analysis\percentiles.hpp">
      <Filter>Header Files\analysis</Filter>
    </ClInclude>
    <ClInclude Include="..\..\..\omi\analysis\results.hpp">
      <Filter>Header Files\analysis</Filter>
    </ClInclude>
    <ClInclude Include="..\..\..\omi\analysis\statistics.hpp">
      <Filter>Header Files\analysis</Filter>
    </ClInclude>
    <ClInclude Include="..\..\analysis\records\inbound.hpp">
      <Filter>Header Files\records</Filter>
    </ClInclude>
    <ClInclude Include="..\..\analysis\records\outbound.hpp">
      <Filter>Header Files\records</Filter>
    </ClInclude>
    <ClInclude Include="..\..\..\omi\latency\analysis.hpp">
      <Filter>Header Files\program</Filter>
    </ClInclude>
    <ClInclude Include="..\..\..\omi\latency\analysis\options.hpp">
      <Filter>Header Files\program</Filter>
    </ClInclude>
    <ClInclude Include="..\..\..\omi\analysis\summary.hpp">
      <Filter>Header Files\analysis</Filter>
    </ClInclude>
    <ClInclude Include="..\..\..\omi\sequence\calculate.hpp">
      <Filter>Header Files\sequence</Filter>
    </ClInclude>
    <ClInclude Include="..\..\..\omi\sequence\out.hpp">
      <Filter>Header Files\sequence</Filter>
    </ClInclude>
    <ClInclude Include="..\..\..\omi\sequence\transform.hpp">
      <Filter>Header Files\sequence</Filter>
    </ClInclude>
  </ItemGroup>
  <ItemGroup>
    <None Include="packages.config" />
  </ItemGroup>
</Project>