<?xml version="1.0" encoding="utf-8"?>
<Project ToolsVersion="4.0" xmlns="http://schemas.microsoft.com/developer/msbuild/2003">
  <ItemGroup>
    <Filter Include="Source Files">
      <UniqueIdentifier>{4FC737F1-C7A5-4376-A066-2A32D752A2FF}</UniqueIdentifier>
      <Extensions>cpp;c;cc;cxx;def;odl;idl;hpj;bat;asm;asmx</Extensions>
    </Filter>
    <Filter Include="Header Files">
      <UniqueIdentifier>{93995380-89BD-4b04-88EB-625FBE52EBFB}</UniqueIdentifier>
      <Extensions>h;hh;hpp;hxx;hm;inl;inc;xsd</Extensions>
    </Filter>
    <Filter Include="Header Files\comparison">
      <UniqueIdentifier>{61475c26-ef4f-4b08-99c6-402b631be07b}</UniqueIdentifier>
    </Filter>
    <Filter Include="Header Files\utility">
      <UniqueIdentifier>{ca1dbd55-9ef3-41b6-af86-b9034a54e4a0}</UniqueIdentifier>
    </Filter>
  </ItemGroup>
  <ItemGroup>
    <None Include="packages.config" />
  </ItemGroup>
  <ItemGroup>
    <ClCompile Include="..\..\comparison\main.cpp">
      <Filter>Source Files</Filter>
    </ClCompile>
  </ItemGroup>
  <ItemGroup>
    <ClInclude Include="..\..\..\omi\latency\comparison\components.hpp">
      <Filter>Header Files\comparison</Filter>
    </ClInclude>
    <ClInclude Include="..\..\..\omi\latency\comparison\configuration.hpp">
      <Filter>Header Files\comparison</Filter>
    </ClInclude>
    <ClInclude Include="..\..\..\omi\latency\comparison\options.hpp">
      <Filter>Header Files\comparison</Filter>
    </ClInclude>
    <ClInclude Include="..\..\..\omi\latency\comparison.hpp">
      <Filter>Header Files\comparison</Filter>
    </ClInclude>
    <ClInclude Include="..\..\..\omi\utility\stopwatch.hpp">
      <Filter>Header Files\utility</Filter>
    </ClInclude>
  </ItemGroup>
</Project>