<?xml version="1.0" encoding="utf-8"?>
<Project ToolsVersion="4.0" xmlns="http://schemas.microsoft.com/developer/msbuild/2003">
  <ItemGroup>
    <Filter Include="Source Files">
      <UniqueIdentifier>{4FC737F1-C7A5-4376-A066-2A32D752A2FF}</UniqueIdentifier>
      <Extensions>cpp;c;cc;cxx;def;odl;idl;hpj;bat;asm;asmx</Extensions>
    </Filter>
    <Filter Include="Header Files">
      <UniqueIdentifier>{93995380-89BD-4b04-88EB-625FBE52EBFB}</UniqueIdentifier>
      <Extensions>h;hh;hpp;hxx;hm;inl;inc;xsd</Extensions>
    </Filter>
    <Filter Include="Header Files\events">
      <UniqueIdentifier>{dab7de91-24e2-4362-8792-c8ae59a9b0c3}</UniqueIdentifier>
    </Filter>
    <Filter Include="Header Files\wireshark">
      <UniqueIdentifier>{44e3dd8d-0d6c-4d89-8b12-946fc1b684bf}</UniqueIdentifier>
    </Filter>
  </ItemGroup>
  <ItemGroup>
    <ClInclude Include="..\..\example\events\inbound.hpp">
      <Filter>Header Files\events</Filter>
    </ClInclude>
    <ClInclude Include="..\..\example\events\outbound.hpp">
      <Filter>Header Files\events</Filter>
    </ClInclude>
    <ClInclude Include="..\..\omi\wireshark\event.hpp">
      <Filter>Header Files\wireshark</Filter>
    </ClInclude>
    <ClInclude Include="..\..\omi\wireshark\frame.hpp">
      <Filter>Header Files\wireshark</Filter>
    </ClInclude>
    <ClInclude Include="..\..\omi\wireshark\match.hpp">
      <Filter>Header Files\wireshark</Filter>
    </ClInclude>
    <ClInclude Include="..\..\omi\wireshark\matcher.hpp">
      <Filter>Header Files\wireshark</Filter>
    </ClInclude>
    <ClInclude Include="..\..\omi\wireshark\matches.hpp">
      <Filter>Header Files\wireshark</Filter>
    </ClInclude>
    <ClInclude Include="..\..\omi\wireshark\matching.hpp">
      <Filter>Header Files\wireshark</Filter>
    </ClInclude>
    <ClInclude Include="..\..\omi\wireshark\tokenizer.hpp">
      <Filter>Header Files\wireshark</Filter>
    </ClInclude>
    <ClInclude Include="..\..\omi\wireshark\options.hpp">
      <Filter>Header Files\wireshark</Filter>
    </ClInclude>
    <ClInclude Include="..\..\omi\wireshark\database.hpp">
      <Filter>Header Files\wireshark</Filter>
    </ClInclude>
    <ClInclude Include="..\..\omi\wireshark\events.hpp">
      <Filter>Header Files\wireshark</Filter>
    </ClInclude>
  </ItemGroup>
  <ItemGroup>
    <ClCompile Include="..\..\example\program\matcher.cpp">
      <Filter>Source Files</Filter>
    </ClCompile>
  </ItemGroup>
  <ItemGroup>
    <None Include="packages.config" />
  </ItemGroup>
</Project>