
Microsoft Visual Studio Solution File, Format Version 12.00
# Visual Studio 15
VisualStudioVersion = 15.0.27004.2002
MinimumVisualStudioVersion = 10.0.40219.1
Project("{8BC9CEB8-8B4A-11D0-8D11-00A0C91BC942}") = "Latency.Report", "Latency.Report\Latency.Report.vcxproj", "{84C2EEFA-EE16-4022-B000-C007C66A0A64}"
EndProject
Project("{8BC9CEB8-8B4A-11D0-8D11-00A0C91BC942}") = "Tests", "Tests\Tests.vcxproj", "{06EF95F7-600B-48B4-95D8-A57FF7065230}"
EndProject
Project("{8BC9CEB8-8B4A-11D0-8D11-00A0C91BC942}") = "Latency.Matching", "Latency.Matching\Latency.Matching.vcxproj", "{C4AAD7B3-DC45-46E5-A2BE-B734FE2F4E41}"
EndProject
Project("{8BC9CEB8-8B4A-11D0-8D11-00A0C91BC942}") = "Latency.Comparison", "Latency.Comparison\Latency.Comparison.vcxproj", "{9A933650-61DC-4402-8127-D4EB7097D27B}"
EndProject
Project("{8BC9CEB8-8B4A-11D0-8D11-00A0C91BC942}") = "Latency.Email", "Latency.Email\Latency.Email.vcxproj", "{B8B1F4AB-BB19-48DE-A50B-D0DAF3F9D31E}"
EndProject
Project("{8BC9CEB8-8B4A-11D0-8D11-00A0C91BC942}") = "Latency.Analysis", "Latency.Analysis\Latency.Analysis.vcxproj", "{47A5D0BD-0B02-42BC-92FC-858BCD38E9FE}"
EndProject
Project("{8BC9CEB8-8B4A-11D0-8D11-00A0C91BC942}") = "Latency.Race", "Latency.Race\Latency.Race.vcxproj", "{A4C6A52A-E2D3-4FCB-8134-D086B056FD62}"
EndProject
Global
	GlobalSection(SolutionConfigurationPlatforms) = preSolution
		Debug|x64 = Debug|x64
		Debug|x86 = Debug|x86
		Release|x64 = Release|x64
		Release|x86 = Release|x86
	EndGlobalSection
	GlobalSection(ProjectConfigurationPlatforms) = postSolution
		{84C2EEFA-EE16-4022-B000-C007C66A0A64}.Debug|x64.ActiveCfg = Debug|x64
		{84C2EEFA-EE16-4022-B000-C007C66A0A64}.Debug|x64.Build.0 = Debug|x64
		{84C2EEFA-EE16-4022-B000-C007C66A0A64}.Debug|x86.ActiveCfg = Debug|Win32
		{84C2EEFA-EE16-4022-B000-C007C66A0A64}.Debug|x86.Build.0 = Debug|Win32
		{84C2EEFA-EE16-4022-B000-C007C66A0A64}.Release|x64.ActiveCfg = Release|x64
		{84C2EEFA-EE16-4022-B000-C007C66A0A64}.Release|x64.Build.0 = Release|x64
		{84C2EEFA-EE16-4022-B000-C007C66A0A64}.Release|x86.ActiveCfg = Release|Win32
		{84C2EEFA-EE16-4022-B000-C007C66A0A64}.Release|x86.Build.0 = Release|Win32
		{06EF95F7-600B-48B4-95D8-A57FF7065230}.Debug|x64.ActiveCfg = Debug|x64
		{06EF95F7-600B-48B4-95D8-A57FF7065230}.Debug|x64.Build.0 = Debug|x64
		{06EF95F7-600B-48B4-95D8-A57FF7065230}.Debug|x86.ActiveCfg = Debug|Win32
		{06EF95F7-600B-48B4-95D8-A57FF7065230}.Debug|x86.Build.0 = Debug|Win32
		{06EF95F7-600B-48B4-95D8-A57FF7065230}.Release|x64.ActiveCfg = Release|x64
		{06EF95F7-600B-48B4-95D8-A57FF7065230}.Release|x64.Build.0 = Release|x64
		{06EF95F7-600B-48B4-95D8-A57FF7065230}.Release|x86.ActiveCfg = Release|Win32
		{06EF95F7-600B-48B4-95D8-A57FF7065230}.Release|x86.Build.0 = Release|Win32
		{C4AAD7B3-DC45-46E5-A2BE-B734FE2F4E41}.Debug|x64.ActiveCfg = Debug|x64
		{C4AAD7B3-DC45-46E5-A2BE-B734FE2F4E41}.Debug|x64.Build.0 = Debug|x64
		{C4AAD7B3-DC45-46E5-A2BE-B734FE2F4E41}.Debug|x64.Deploy.0 = Debug|x64
		{C4AAD7B3-DC45-46E5-A2BE-B734FE2F4E41}.Debug|x86.ActiveCfg = Debug|Win32
		{C4AAD7B3-DC45-46E5-A2BE-B734FE2F4E41}.Debug|x86.Build.0 = Debug|Win32
		{C4AAD7B3-DC45-46E5-A2BE-B734FE2F4E41}.Debug|x86.Deploy.0 = Debug|Win32
		{C4AAD7B3-DC45-46E5-A2BE-B734FE2F4E41}.Release|x64.ActiveCfg = Release|x64
		{C4AAD7B3-DC45-46E5-A2BE-B734FE2F4E41}.Release|x64.Build.0 = Release|x64
		{C4AAD7B3-DC45-46E5-A2BE-B734FE2F4E41}.Release|x64.Deploy.0 = Release|x64
		{C4AAD7B3-DC45-46E5-A2BE-B734FE2F4E41}.Release|x86.ActiveCfg = Release|Win32
		{C4AAD7B3-DC45-46E5-A2BE-B734FE2F4E41}.Release|x86.Build.0 = Release|Win32
		{C4AAD7B3-DC45-46E5-A2BE-B734FE2F4E41}.Release|x86.Deploy.0 = Release|Win32
		{9A933650-61DC-4402-8127-D4EB7097D27B}.Debug|x64.ActiveCfg = Debug|x64
		{9A933650-61DC-4402-8127-D4EB7097D27B}.Debug|x64.Build.0 = Debug|x64
		{9A933650-61DC-4402-8127-D4EB7097D27B}.Debug|x86.ActiveCfg = Debug|Win32
		{9A933650-61DC-4402-8127-D4EB7097D27B}.Debug|x86.Build.0 = Debug|Win32
		{9A933650-61DC-4402-8127-D4EB7097D27B}.Release|x64.ActiveCfg = Release|x64
		{9A933650-61DC-4402-8127-D4EB7097D27B}.Release|x64.Build.0 = Release|x64
		{9A933650-61DC-4402-8127-D4EB7097D27B}.Release|x86.ActiveCfg = Release|Win32
		{9A933650-61DC-4402-8127-D4EB7097D27B}.Release|x86.Build.0 = Release|Win32
		{B8B1F4AB-BB19-48DE-A50B-D0DAF3F9D31E}.Debug|x64.ActiveCfg = Debug|x64
		{B8B1F4AB-BB19-48DE-A50B-D0DAF3F9D31E}.Debug|x64.Build.0 = Debug|x64
		{B8B1F4AB-BB19-48DE-A50B-D0DAF3F9D31E}.Debug|x86.ActiveCfg = Debug|Win32
		{B8B1F4AB-BB19-48DE-A50B-D0DAF3F9D31E}.Debug|x86.Build.0 = Debug|Win32
		{B8B1F4AB-BB19-48DE-A50B-D0DAF3F9D31E}.Release|x64.ActiveCfg = Release|x64
		{B8B1F4AB-BB19-48DE-A50B-D0DAF3F9D31E}.Release|x64.Build.0 = Release|x64
		{B8B1F4AB-BB19-48DE-A50B-D0DAF3F9D31E}.Release|x86.ActiveCfg = Release|Win32
		{B8B1F4AB-BB19-48DE-A50B-D0DAF3F9D31E}.Release|x86.Build.0 = Release|Win32
		{47A5D0BD-0B02-42BC-92FC-858BCD38E9FE}.Debug|x64.ActiveCfg = Debug|x64
		{47A5D0BD-0B02-42BC-92FC-858BCD38E9FE}.Debug|x64.Build.0 = Debug|x64
		{47A5D0BD-0B02-42BC-92FC-858BCD38E9FE}.Debug|x86.ActiveCfg = Debug|Win32
		{47A5D0BD-0B02-42BC-92FC-858BCD38E9FE}.Debug|x86.Build.0 = Debug|Win32
		{47A5D0BD-0B02-42BC-92FC-858BCD38E9FE}.Release|x64.ActiveCfg = Release|x64
		{47A5D0BD-0B02-42BC-92FC-858BCD38E9FE}.Release|x64.Build.0 = Release|x64
		{47A5D0BD-0B02-42BC-92FC-858BCD38E9FE}.Release|x86.ActiveCfg = Release|Win32
		{47A5D0BD-0B02-42BC-92FC-858BCD38E9FE}.Release|x86.Build.0 = Release|Win32
		{A4C6A52A-E2D3-4FCB-8134-D086B056FD62}.Debug|x64.ActiveCfg = Debug|x64
		{A4C6A52A-E2D3-4FCB-8134-D086B056FD62}.Debug|x64.Build.0 = Debug|x64
		{A4C6A52A-E2D3-4FCB-8134-D086B056FD62}.Debug|x86.ActiveCfg = Debug|Win32
		{A4C6A52A-E2D3-4FCB-8134-D086B056FD62}.Debug|x86.Build.0 = Debug|Win32
		{A4C6A52A-E2D3-4FCB-8134-D086B056FD62}.Release|x64.ActiveCfg = Release|x64
		{A4C6A52A-E2D3-4FCB-8134-D086B056FD62}.Release|x64.Build.0 = Release|x64
		{A4C6A52A-E2D3-4FCB-8134-D086B056FD62}.Release|x86.ActiveCfg = Release|Win32
		{A4C6A52A-E2D3-4FCB-8134-D086B056FD62}.Release|x86.Build.0 = Release|Win32
	EndGlobalSection
	GlobalSection(SolutionProperties) = preSolution
		HideSolutionNode = FALSE
	EndGlobalSection
	GlobalSection(ExtensibilityGlobals) = postSolution
		SolutionGuid = {8EC3A4BE-CE57-4DB3-8A60-D89C8DBC7138}
	EndGlobalSection
EndGlobal
